
Microsoft Visual Studio Solution File, Format Version 12.00
# Visual Studio Version 16
VisualStudioVersion = 16.0.32002.261
MinimumVisualStudioVersion = 10.0.40219.1
Project("{FAE04EC0-301F-11D3-BF4B-00C04F79EFBC}") = "Advent of Code Day 2 v0.2", "Advent of Code Day 2 v0.2\Advent of Code Day 2 v0.2.csproj", "{46CDAA43-D671-4391-BAFE-F8F8E86B2D44}"
EndProject
Global
	GlobalSection(SolutionConfigurationPlatforms) = preSolution
		Debug|Any CPU = Debug|Any CPU
		Release|Any CPU = Release|Any CPU
	EndGlobalSection
	GlobalSection(ProjectConfigurationPlatforms) = postSolution
		{46CDAA43-D671-4391-BAFE-F8F8E86B2D44}.Debug|Any CPU.ActiveCfg = Debug|Any CPU
		{46CDAA43-D671-4391-BAFE-F8F8E86B2D44}.Debug|Any CPU.Build.0 = Debug|Any CPU
		{46CDAA43-D671-4391-BAFE-F8F8E86B2D44}.Release|Any CPU.ActiveCfg = Release|Any CPU
		{46CDAA43-D671-4391-BAFE-F8F8E86B2D44}.Release|Any CPU.Build.0 = Release|Any CPU
	EndGlobalSection
	GlobalSection(SolutionProperties) = preSolution
		HideSolutionNode = FALSE
	EndGlobalSection
	GlobalSection(ExtensibilityGlobals) = postSolution
		SolutionGuid = {062C93A8-0503-48B8-8AB4-4B0E60EF2AC6}
	EndGlobalSection
EndGlobal
